// !$*UTF8*$!
{
	archiveVersion = 1;
	classes = {
	};
	objectVersion = 56;
	objects = {

/* Begin PBXBuildFile section */
		D9A7C0F028DB2E2000A321F1 /* Test_ModalApp.swift in Sources */ = {isa = PBXBuildFile; fileRef = D9A7C0EF28DB2E2000A321F1 /* Test_ModalApp.swift */; };
		D9A7C0F228DB2E2000A321F1 /* ContentView.swift in Sources */ = {isa = PBXBuildFile; fileRef = D9A7C0F128DB2E2000A321F1 /* ContentView.swift */; };
		D9A7C0F428DB2E2100A321F1 /* Assets.xcassets in Resources */ = {isa = PBXBuildFile; fileRef = D9A7C0F328DB2E2100A321F1 /* Assets.xcassets */; };
		D9A7C0F728DB2E2100A321F1 /* Preview Assets.xcassets in Resources */ = {isa = PBXBuildFile; fileRef = D9A7C0F628DB2E2100A321F1 /* Preview Assets.xcassets */; };
		D9A7C10128DB2E2100A321F1 /* Test_ModalTests.swift in Sources */ = {isa = PBXBuildFile; fileRef = D9A7C10028DB2E2100A321F1 /* Test_ModalTests.swift */; };
		D9A7C10B28DB2E2100A321F1 /* Test_ModalUITests.swift in Sources */ = {isa = PBXBuildFile; fileRef = D9A7C10A28DB2E2100A321F1 /* Test_ModalUITests.swift */; };
		D9A7C10D28DB2E2100A321F1 /* Test_ModalUITestsLaunchTests.swift in Sources */ = {isa = PBXBuildFile; fileRef = D9A7C10C28DB2E2100A321F1 /* Test_ModalUITestsLaunchTests.swift */; };
/* End PBXBuildFile section */

/* Begin PBXContainerItemProxy section */
		D9A7C0FD28DB2E2100A321F1 /* PBXContainerItemProxy */ = {
			isa = PBXContainerItemProxy;
			containerPortal = D9A7C0E428DB2E2000A321F1 /* Project object */;
			proxyType = 1;
			remoteGlobalIDString = D9A7C0EB28DB2E2000A321F1;
			remoteInfo = "Test Modal";
		};
		D9A7C10728DB2E2100A321F1 /* PBXContainerItemProxy */ = {
			isa = PBXContainerItemProxy;
			containerPortal = D9A7C0E428DB2E2000A321F1 /* Project object */;
			proxyType = 1;
			remoteGlobalIDString = D9A7C0EB28DB2E2000A321F1;
			remoteInfo = "Test Modal";
		};
/* End PBXContainerItemProxy section */

/* Begin PBXFileReference section */
		D9A7C0EC28DB2E2000A321F1 /* Test Modal.app */ = {isa = PBXFileReference; explicitFileType = wrapper.application; includeInIndex = 0; path = "Test Modal.app"; sourceTree = BUILT_PRODUCTS_DIR; };
		D9A7C0EF28DB2E2000A321F1 /* Test_ModalApp.swift */ = {isa = PBXFileReference; lastKnownFileType = sourcecode.swift; path = Test_ModalApp.swift; sourceTree = "<group>"; };
		D9A7C0F128DB2E2000A321F1 /* ContentView.swift */ = {isa = PBXFileReference; lastKnownFileType = sourcecode.swift; path = ContentView.swift; sourceTree = "<group>"; };
		D9A7C0F328DB2E2100A321F1 /* Assets.xcassets */ = {isa = PBXFileReference; lastKnownFileType = folder.assetcatalog; path = Assets.xcassets; sourceTree = "<group>"; };
		D9A7C0F628DB2E2100A321F1 /* Preview Assets.xcassets */ = {isa = PBXFileReference; lastKnownFileType = folder.assetcatalog; path = "Preview Assets.xcassets"; sourceTree = "<group>"; };
		D9A7C0FC28DB2E2100A321F1 /* Test ModalTests.xctest */ = {isa = PBXFileReference; explicitFileType = wrapper.cfbundle; includeInIndex = 0; path = "Test ModalTests.xctest"; sourceTree = BUILT_PRODUCTS_DIR; };
		D9A7C10028DB2E2100A321F1 /* Test_ModalTests.swift */ = {isa = PBXFileReference; lastKnownFileType = sourcecode.swift; path = Test_ModalTests.swift; sourceTree = "<group>"; };
		D9A7C10628DB2E2100A321F1 /* Test ModalUITests.xctest */ = {isa = PBXFileReference; explicitFileType = wrapper.cfbundle; includeInIndex = 0; path = "Test ModalUITests.xctest"; sourceTree = BUILT_PRODUCTS_DIR; };
		D9A7C10A28DB2E2100A321F1 /* Test_ModalUITests.swift */ = {isa = PBXFileReference; lastKnownFileType = sourcecode.swift; path = Test_ModalUITests.swift; sourceTree = "<group>"; };
		D9A7C10C28DB2E2100A321F1 /* Test_ModalUITestsLaunchTests.swift */ = {isa = PBXFileReference; lastKnownFileType = sourcecode.swift; path = Test_ModalUITestsLaunchTests.swift; sourceTree = "<group>"; };
/* End PBXFileReference section */

/* Begin PBXFrameworksBuildPhase section */
		D9A7C0E928DB2E2000A321F1 /* Frameworks */ = {
			isa = PBXFrameworksBuildPhase;
			buildActionMask = 2147483647;
			files = (
			);
			runOnlyForDeploymentPostprocessing = 0;
		};
		D9A7C0F928DB2E2100A321F1 /* Frameworks */ = {
			isa = PBXFrameworksBuildPhase;
			buildActionMask = 2147483647;
			files = (
			);
			runOnlyForDeploymentPostprocessing = 0;
		};
		D9A7C10328DB2E2100A321F1 /* Frameworks */ = {
			isa = PBXFrameworksBuildPhase;
			buildActionMask = 2147483647;
			files = (
			);
			runOnlyForDeploymentPostprocessing = 0;
		};
/* End PBXFrameworksBuildPhase section */

/* Begin PBXGroup section */
		D9A7C0E328DB2E2000A321F1 = {
			isa = PBXGroup;
			children = (
				D9A7C0EE28DB2E2000A321F1 /* Test Modal */,
				D9A7C0FF28DB2E2100A321F1 /* Test ModalTests */,
				D9A7C10928DB2E2100A321F1 /* Test ModalUITests */,
				D9A7C0ED28DB2E2000A321F1 /* Products */,
			);
			sourceTree = "<group>";
		};
		D9A7C0ED28DB2E2000A321F1 /* Products */ = {
			isa = PBXGroup;
			children = (
				D9A7C0EC28DB2E2000A321F1 /* Test Modal.app */,
				D9A7C0FC28DB2E2100A321F1 /* Test ModalTests.xctest */,
				D9A7C10628DB2E2100A321F1 /* Test ModalUITests.xctest */,
			);
			name = Products;
			sourceTree = "<group>";
		};
		D9A7C0EE28DB2E2000A321F1 /* Test Modal */ = {
			isa = PBXGroup;
			children = (
				D9A7C0EF28DB2E2000A321F1 /* Test_ModalApp.swift */,
				D9A7C0F128DB2E2000A321F1 /* ContentView.swift */,
				D9A7C0F328DB2E2100A321F1 /* Assets.xcassets */,
				D9A7C0F528DB2E2100A321F1 /* Preview Content */,
			);
			path = "Test Modal";
			sourceTree = "<group>";
		};
		D9A7C0F528DB2E2100A321F1 /* Preview Content */ = {
			isa = PBXGroup;
			children = (
				D9A7C0F628DB2E2100A321F1 /* Preview Assets.xcassets */,
			);
			path = "Preview Content";
			sourceTree = "<group>";
		};
		D9A7C0FF28DB2E2100A321F1 /* Test ModalTests */ = {
			isa = PBXGroup;
			children = (
				D9A7C10028DB2E2100A321F1 /* Test_ModalTests.swift */,
			);
			path = "Test ModalTests";
			sourceTree = "<group>";
		};
		D9A7C10928DB2E2100A321F1 /* Test ModalUITests */ = {
			isa = PBXGroup;
			children = (
				D9A7C10A28DB2E2100A321F1 /* Test_ModalUITests.swift */,
				D9A7C10C28DB2E2100A321F1 /* Test_ModalUITestsLaunchTests.swift */,
			);
			path = "Test ModalUITests";
			sourceTree = "<group>";
		};
/* End PBXGroup section */

/* Begin PBXNativeTarget section */
		D9A7C0EB28DB2E2000A321F1 /* Test Modal */ = {
			isa = PBXNativeTarget;
			buildConfigurationList = D9A7C11028DB2E2100A321F1 /* Build configuration list for PBXNativeTarget "Test Modal" */;
			buildPhases = (
				D9A7C0E828DB2E2000A321F1 /* Sources */,
				D9A7C0E928DB2E2000A321F1 /* Frameworks */,
				D9A7C0EA28DB2E2000A321F1 /* Resources */,
			);
			buildRules = (
			);
			dependencies = (
			);
			name = "Test Modal";
			productName = "Test Modal";
			productReference = D9A7C0EC28DB2E2000A321F1 /* Test Modal.app */;
			productType = "com.apple.product-type.application";
		};
		D9A7C0FB28DB2E2100A321F1 /* Test ModalTests */ = {
			isa = PBXNativeTarget;
			buildConfigurationList = D9A7C11328DB2E2100A321F1 /* Build configuration list for PBXNativeTarget "Test ModalTests" */;
			buildPhases = (
				D9A7C0F828DB2E2100A321F1 /* Sources */,
				D9A7C0F928DB2E2100A321F1 /* Frameworks */,
				D9A7C0FA28DB2E2100A321F1 /* Resources */,
			);
			buildRules = (
			);
			dependencies = (
				D9A7C0FE28DB2E2100A321F1 /* PBXTargetDependency */,
			);
			name = "Test ModalTests";
			productName = "Test ModalTests";
			productReference = D9A7C0FC28DB2E2100A321F1 /* Test ModalTests.xctest */;
			productType = "com.apple.product-type.bundle.unit-test";
		};
		D9A7C10528DB2E2100A321F1 /* Test ModalUITests */ = {
			isa = PBXNativeTarget;
			buildConfigurationList = D9A7C11628DB2E2100A321F1 /* Build configuration list for PBXNativeTarget "Test ModalUITests" */;
			buildPhases = (
				D9A7C10228DB2E2100A321F1 /* Sources */,
				D9A7C10328DB2E2100A321F1 /* Frameworks */,
				D9A7C10428DB2E2100A321F1 /* Resources */,
			);
			buildRules = (
			);
			dependencies = (
				D9A7C10828DB2E2100A321F1 /* PBXTargetDependency */,
			);
			name = "Test ModalUITests";
			productName = "Test ModalUITests";
			productReference = D9A7C10628DB2E2100A321F1 /* Test ModalUITests.xctest */;
			productType = "com.apple.product-type.bundle.ui-testing";
		};
/* End PBXNativeTarget section */

/* Begin PBXProject section */
		D9A7C0E428DB2E2000A321F1 /* Project object */ = {
			isa = PBXProject;
			attributes = {
				BuildIndependentTargetsInParallel = 1;
				LastSwiftUpdateCheck = 1400;
				LastUpgradeCheck = 1400;
				TargetAttributes = {
					D9A7C0EB28DB2E2000A321F1 = {
						CreatedOnToolsVersion = 14.0;
					};
					D9A7C0FB28DB2E2100A321F1 = {
						CreatedOnToolsVersion = 14.0;
						TestTargetID = D9A7C0EB28DB2E2000A321F1;
					};
					D9A7C10528DB2E2100A321F1 = {
						CreatedOnToolsVersion = 14.0;
						TestTargetID = D9A7C0EB28DB2E2000A321F1;
					};
				};
			};
			buildConfigurationList = D9A7C0E728DB2E2000A321F1 /* Build configuration list for PBXProject "Test Modal" */;
			compatibilityVersion = "Xcode 14.0";
			developmentRegion = en;
			hasScannedForEncodings = 0;
			knownRegions = (
				en,
				Base,
			);
			mainGroup = D9A7C0E328DB2E2000A321F1;
			productRefGroup = D9A7C0ED28DB2E2000A321F1 /* Products */;
			projectDirPath = "";
			projectRoot = "";
			targets = (
				D9A7C0EB28DB2E2000A321F1 /* Test Modal */,
				D9A7C0FB28DB2E2100A321F1 /* Test ModalTests */,
				D9A7C10528DB2E2100A321F1 /* Test ModalUITests */,
			);
		};
/* End PBXProject section */

/* Begin PBXResourcesBuildPhase section */
		D9A7C0EA28DB2E2000A321F1 /* Resources */ = {
			isa = PBXResourcesBuildPhase;
			buildActionMask = 2147483647;
			files = (
				D9A7C0F728DB2E2100A321F1 /* Preview Assets.xcassets in Resources */,
				D9A7C0F428DB2E2100A321F1 /* Assets.xcassets in Resources */,
			);
			runOnlyForDeploymentPostprocessing = 0;
		};
		D9A7C0FA28DB2E2100A321F1 /* Resources */ = {
			isa = PBXResourcesBuildPhase;
			buildActionMask = 2147483647;
			files = (
			);
			runOnlyForDeploymentPostprocessing = 0;
		};
		D9A7C10428DB2E2100A321F1 /* Resources */ = {
			isa = PBXResourcesBuildPhase;
			buildActionMask = 2147483647;
			files = (
			);
			runOnlyForDeploymentPostprocessing = 0;
		};
/* End PBXResourcesBuildPhase section */

/* Begin PBXSourcesBuildPhase section */
		D9A7C0E828DB2E2000A321F1 /* Sources */ = {
			isa = PBXSourcesBuildPhase;
			buildActionMask = 2147483647;
			files = (
				D9A7C0F228DB2E2000A321F1 /* ContentView.swift in Sources */,
				D9A7C0F028DB2E2000A321F1 /* Test_ModalApp.swift in Sources */,
			);
			runOnlyForDeploymentPostprocessing = 0;
		};
		D9A7C0F828DB2E2100A321F1 /* Sources */ = {
			isa = PBXSourcesBuildPhase;
			buildActionMask = 2147483647;
			files = (
				D9A7C10128DB2E2100A321F1 /* Test_ModalTests.swift in Sources */,
			);
			runOnlyForDeploymentPostprocessing = 0;
		};
		D9A7C10228DB2E2100A321F1 /* Sources */ = {
			isa = PBXSourcesBuildPhase;
			buildActionMask = 2147483647;
			files = (
				D9A7C10D28DB2E2100A321F1 /* Test_ModalUITestsLaunchTests.swift in Sources */,
				D9A7C10B28DB2E2100A321F1 /* Test_ModalUITests.swift in Sources */,
			);
			runOnlyForDeploymentPostprocessing = 0;
		};
/* End PBXSourcesBuildPhase section */

/* Begin PBXTargetDependency section */
		D9A7C0FE28DB2E2100A321F1 /* PBXTargetDependency */ = {
			isa = PBXTargetDependency;
			target = D9A7C0EB28DB2E2000A321F1 /* Test Modal */;
			targetProxy = D9A7C0FD28DB2E2100A321F1 /* PBXContainerItemProxy */;
		};
		D9A7C10828DB2E2100A321F1 /* PBXTargetDependency */ = {
			isa = PBXTargetDependency;
			target = D9A7C0EB28DB2E2000A321F1 /* Test Modal */;
			targetProxy = D9A7C10728DB2E2100A321F1 /* PBXContainerItemProxy */;
		};
/* End PBXTargetDependency section */

/* Begin XCBuildConfiguration section */
		D9A7C10E28DB2E2100A321F1 /* Debug */ = {
			isa = XCBuildConfiguration;
			buildSettings = {
				ALWAYS_SEARCH_USER_PATHS = NO;
				CLANG_ANALYZER_NONNULL = YES;
				CLANG_ANALYZER_NUMBER_OBJECT_CONVERSION = YES_AGGRESSIVE;
				CLANG_CXX_LANGUAGE_STANDARD = "gnu++20";
				CLANG_ENABLE_MODULES = YES;
				CLANG_ENABLE_OBJC_ARC = YES;
				CLANG_ENABLE_OBJC_WEAK = YES;
				CLANG_WARN_BLOCK_CAPTURE_AUTORELEASING = YES;
				CLANG_WARN_BOOL_CONVERSION = YES;
				CLANG_WARN_COMMA = YES;
				CLANG_WARN_CONSTANT_CONVERSION = YES;
				CLANG_WARN_DEPRECATED_OBJC_IMPLEMENTATIONS = YES;
				CLANG_WARN_DIRECT_OBJC_ISA_USAGE = YES_ERROR;
				CLANG_WARN_DOCUMENTATION_COMMENTS = YES;
				CLANG_WARN_EMPTY_BODY = YES;
				CLANG_WARN_ENUM_CONVERSION = YES;
				CLANG_WARN_INFINITE_RECURSION = YES;
				CLANG_WARN_INT_CONVERSION = YES;
				CLANG_WARN_NON_LITERAL_NULL_CONVERSION = YES;
				CLANG_WARN_OBJC_IMPLICIT_RETAIN_SELF = YES;
				CLANG_WARN_OBJC_LITERAL_CONVERSION = YES;
				CLANG_WARN_OBJC_ROOT_CLASS = YES_ERROR;
				CLANG_WARN_QUOTED_INCLUDE_IN_FRAMEWORK_HEADER = YES;
				CLANG_WARN_RANGE_LOOP_ANALYSIS = YES;
				CLANG_WARN_STRICT_PROTOTYPES = YES;
				CLANG_WARN_SUSPICIOUS_MOVE = YES;
				CLANG_WARN_UNGUARDED_AVAILABILITY = YES_AGGRESSIVE;
				CLANG_WARN_UNREACHABLE_CODE = YES;
				CLANG_WARN__DUPLICATE_METHOD_MATCH = YES;
				COPY_PHASE_STRIP = NO;
				DEBUG_INFORMATION_FORMAT = dwarf;
				ENABLE_STRICT_OBJC_MSGSEND = YES;
				ENABLE_TESTABILITY = YES;
				GCC_C_LANGUAGE_STANDARD = gnu11;
				GCC_DYNAMIC_NO_PIC = NO;
				GCC_NO_COMMON_BLOCKS = YES;
				GCC_OPTIMIZATION_LEVEL = 0;
				GCC_PREPROCESSOR_DEFINITIONS = (
					"DEBUG=1",
					"$(inherited)",
				);
				GCC_WARN_64_TO_32_BIT_CONVERSION = YES;
				GCC_WARN_ABOUT_RETURN_TYPE = YES_ERROR;
				GCC_WARN_UNDECLARED_SELECTOR = YES;
				GCC_WARN_UNINITIALIZED_AUTOS = YES_AGGRESSIVE;
				GCC_WARN_UNUSED_FUNCTION = YES;
				GCC_WARN_UNUSED_VARIABLE = YES;
				IPHONEOS_DEPLOYMENT_TARGET = 16.0;
				MTL_ENABLE_DEBUG_INFO = INCLUDE_SOURCE;
				MTL_FAST_MATH = YES;
				ONLY_ACTIVE_ARCH = YES;
				SDKROOT = iphoneos;
				SWIFT_ACTIVE_COMPILATION_CONDITIONS = DEBUG;
				SWIFT_OPTIMIZATION_LEVEL = "-Onone";
			};
			name = Debug;
		};
		D9A7C10F28DB2E2100A321F1 /* Release */ = {
			isa = XCBuildConfiguration;
			buildSettings = {
				ALWAYS_SEARCH_USER_PATHS = NO;
				CLANG_ANALYZER_NONNULL = YES;
				CLANG_ANALYZER_NUMBER_OBJECT_CONVERSION = YES_AGGRESSIVE;
				CLANG_CXX_LANGUAGE_STANDARD = "gnu++20";
				CLANG_ENABLE_MODULES = YES;
				CLANG_ENABLE_OBJC_ARC = YES;
				CLANG_ENABLE_OBJC_WEAK = YES;
				CLANG_WARN_BLOCK_CAPTURE_AUTORELEASING = YES;
				CLANG_WARN_BOOL_CONVERSION = YES;
				CLANG_WARN_COMMA = YES;
				CLANG_WARN_CONSTANT_CONVERSION = YES;
				CLANG_WARN_DEPRECATED_OBJC_IMPLEMENTATIONS = YES;
				CLANG_WARN_DIRECT_OBJC_ISA_USAGE = YES_ERROR;
				CLANG_WARN_DOCUMENTATION_COMMENTS = YES;
				CLANG_WARN_EMPTY_BODY = YES;
				CLANG_WARN_ENUM_CONVERSION = YES;
				CLANG_WARN_INFINITE_RECURSION = YES;
				CLANG_WARN_INT_CONVERSION = YES;
				CLANG_WARN_NON_LITERAL_NULL_CONVERSION = YES;
				CLANG_WARN_OBJC_IMPLICIT_RETAIN_SELF = YES;
				CLANG_WARN_OBJC_LITERAL_CONVERSION = YES;
				CLANG_WARN_OBJC_ROOT_CLASS = YES_ERROR;
				CLANG_WARN_QUOTED_INCLUDE_IN_FRAMEWORK_HEADER = YES;
				CLANG_WARN_RANGE_LOOP_ANALYSIS = YES;
				CLANG_WARN_STRICT_PROTOTYPES = YES;
				CLANG_WARN_SUSPICIOUS_MOVE = YES;
				CLANG_WARN_UNGUARDED_AVAILABILITY = YES_AGGRESSIVE;
				CLANG_WARN_UNREACHABLE_CODE = YES;
				CLANG_WARN__DUPLICATE_METHOD_MATCH = YES;
				COPY_PHASE_STRIP = NO;
				DEBUG_INFORMATION_FORMAT = "dwarf-with-dsym";
				ENABLE_NS_ASSERTIONS = NO;
				ENABLE_STRICT_OBJC_MSGSEND = YES;
				GCC_C_LANGUAGE_STANDARD = gnu11;
				GCC_NO_COMMON_BLOCKS = YES;
				GCC_WARN_64_TO_32_BIT_CONVERSION = YES;
				GCC_WARN_ABOUT_RETURN_TYPE = YES_ERROR;
				GCC_WARN_UNDECLARED_SELECTOR = YES;
				GCC_WARN_UNINITIALIZED_AUTOS = YES_AGGRESSIVE;
				GCC_WARN_UNUSED_FUNCTION = YES;
				GCC_WARN_UNUSED_VARIABLE = YES;
				IPHONEOS_DEPLOYMENT_TARGET = 16.0;
				MTL_ENABLE_DEBUG_INFO = NO;
				MTL_FAST_MATH = YES;
				SDKROOT = iphoneos;
				SWIFT_COMPILATION_MODE = wholemodule;
				SWIFT_OPTIMIZATION_LEVEL = "-O";
				VALIDATE_PRODUCT = YES;
			};
			name = Release;
		};
		D9A7C11128DB2E2100A321F1 /* Debug */ = {
			isa = XCBuildConfiguration;
			buildSettings = {
				ASSETCATALOG_COMPILER_APPICON_NAME = AppIcon;
				ASSETCATALOG_COMPILER_GLOBAL_ACCENT_COLOR_NAME = AccentColor;
				CODE_SIGN_STYLE = Automatic;
				CURRENT_PROJECT_VERSION = 1;
				DEVELOPMENT_ASSET_PATHS = "\"Test Modal/Preview Content\"";
				ENABLE_PREVIEWS = YES;
				GENERATE_INFOPLIST_FILE = YES;
				INFOPLIST_KEY_UIApplicationSceneManifest_Generation = YES;
				INFOPLIST_KEY_UIApplicationSupportsIndirectInputEvents = YES;
				INFOPLIST_KEY_UILaunchScreen_Generation = YES;
				INFOPLIST_KEY_UISupportedInterfaceOrientations_iPad = "UIInterfaceOrientationPortrait UIInterfaceOrientationPortraitUpsideDown UIInterfaceOrientationLandscapeLeft UIInterfaceOrientationLandscapeRight";
				INFOPLIST_KEY_UISupportedInterfaceOrientations_iPhone = "UIInterfaceOrientationPortrait UIInterfaceOrientationLandscapeLeft UIInterfaceOrientationLandscapeRight";
				LD_RUNPATH_SEARCH_PATHS = (
					"$(inherited)",
					"@executable_path/Frameworks",
				);
				MARKETING_VERSION = 1.0;
				PRODUCT_BUNDLE_IDENTIFIER = "Exercice.Test-Modal";
				PRODUCT_NAME = "$(TARGET_NAME)";
				SWIFT_EMIT_LOC_STRINGS = YES;
				SWIFT_VERSION = 5.0;
				TARGETED_DEVICE_FAMILY = "1,2";
			};
			name = Debug;
		};
		D9A7C11228DB2E2100A321F1 /* Release */ = {
			isa = XCBuildConfiguration;
			buildSettings = {
				ASSETCATALOG_COMPILER_APPICON_NAME = AppIcon;
				ASSETCATALOG_COMPILER_GLOBAL_ACCENT_COLOR_NAME = AccentColor;
				CODE_SIGN_STYLE = Automatic;
				CURRENT_PROJECT_VERSION = 1;
				DEVELOPMENT_ASSET_PATHS = "\"Test Modal/Preview Content\"";
				ENABLE_PREVIEWS = YES;
				GENERATE_INFOPLIST_FILE = YES;
				INFOPLIST_KEY_UIApplicationSceneManifest_Generation = YES;
				INFOPLIST_KEY_UIApplicationSupportsIndirectInputEvents = YES;
				INFOPLIST_KEY_UILaunchScreen_Generation = YES;
				INFOPLIST_KEY_UISupportedInterfaceOrientations_iPad = "UIInterfaceOrientationPortrait UIInterfaceOrientationPortraitUpsideDown UIInterfaceOrientationLandscapeLeft UIInterfaceOrientationLandscapeRight";
				INFOPLIST_KEY_UISupportedInterfaceOrientations_iPhone = "UIInterfaceOrientationPortrait UIInterfaceOrientationLandscapeLeft UIInterfaceOrientationLandscapeRight";
				LD_RUNPATH_SEARCH_PATHS = (
					"$(inherited)",
					"@executable_path/Frameworks",
				);
				MARKETING_VERSION = 1.0;
				PRODUCT_BUNDLE_IDENTIFIER = "Exercice.Test-Modal";
				PRODUCT_NAME = "$(TARGET_NAME)";
				SWIFT_EMIT_LOC_STRINGS = YES;
				SWIFT_VERSION = 5.0;
				TARGETED_DEVICE_FAMILY = "1,2";
			};
			name = Release;
		};
		D9A7C11428DB2E2100A321F1 /* Debug */ = {
			isa = XCBuildConfiguration;
			buildSettings = {
				ALWAYS_EMBED_SWIFT_STANDARD_LIBRARIES = YES;
				BUNDLE_LOADER = "$(TEST_HOST)";
				CODE_SIGN_STYLE = Automatic;
				CURRENT_PROJECT_VERSION = 1;
				GENERATE_INFOPLIST_FILE = YES;
				IPHONEOS_DEPLOYMENT_TARGET = 16.0;
				MARKETING_VERSION = 1.0;
				PRODUCT_BUNDLE_IDENTIFIER = "Exercice.Test-ModalTests";
				PRODUCT_NAME = "$(TARGET_NAME)";
				SWIFT_EMIT_LOC_STRINGS = NO;
				SWIFT_VERSION = 5.0;
				TARGETED_DEVICE_FAMILY = "1,2";
				TEST_HOST = "$(BUILT_PRODUCTS_DIR)/Test Modal.app/$(BUNDLE_EXECUTABLE_FOLDER_PATH)/Test Modal";
			};
			name = Debug;
		};
		D9A7C11528DB2E2100A321F1 /* Release */ = {
			isa = XCBuildConfiguration;
			buildSettings = {
				ALWAYS_EMBED_SWIFT_STANDARD_LIBRARIES = YES;
				BUNDLE_LOADER = "$(TEST_HOST)";
				CODE_SIGN_STYLE = Automatic;
				CURRENT_PROJECT_VERSION = 1;
				GENERATE_INFOPLIST_FILE = YES;
				IPHONEOS_DEPLOYMENT_TARGET = 16.0;
				MARKETING_VERSION = 1.0;
				PRODUCT_BUNDLE_IDENTIFIER = "Exercice.Test-ModalTests";
				PRODUCT_NAME = "$(TARGET_NAME)";
				SWIFT_EMIT_LOC_STRINGS = NO;
				SWIFT_VERSION = 5.0;
				TARGETED_DEVICE_FAMILY = "1,2";
				TEST_HOST = "$(BUILT_PRODUCTS_DIR)/Test Modal.app/$(BUNDLE_EXECUTABLE_FOLDER_PATH)/Test Modal";
			};
			name = Release;
		};
		D9A7C11728DB2E2100A321F1 /* Debug */ = {
			isa = XCBuildConfiguration;
			buildSettings = {
				ALWAYS_EMBED_SWIFT_STANDARD_LIBRARIES = YES;
				CODE_SIGN_STYLE = Automatic;
				CURRENT_PROJECT_VERSION = 1;
				GENERATE_INFOPLIST_FILE = YES;
				MARKETING_VERSION = 1.0;
				PRODUCT_BUNDLE_IDENTIFIER = "Exercice.Test-ModalUITests";
				PRODUCT_NAME = "$(TARGET_NAME)";
				SWIFT_EMIT_LOC_STRINGS = NO;
				SWIFT_VERSION = 5.0;
				TARGETED_DEVICE_FAMILY = "1,2";
				TEST_TARGET_NAME = "Test Modal";
			};
			name = Debug;
		};
		D9A7C11828DB2E2100A321F1 /* Release */ = {
			isa = XCBuildConfiguration;
			buildSettings = {
				ALWAYS_EMBED_SWIFT_STANDARD_LIBRARIES = YES;
				CODE_SIGN_STYLE = Automatic;
				CURRENT_PROJECT_VERSION = 1;
				GENERATE_INFOPLIST_FILE = YES;
				MARKETING_VERSION = 1.0;
				PRODUCT_BUNDLE_IDENTIFIER = "Exercice.Test-ModalUITests";
				PRODUCT_NAME = "$(TARGET_NAME)";
				SWIFT_EMIT_LOC_STRINGS = NO;
				SWIFT_VERSION = 5.0;
				TARGETED_DEVICE_FAMILY = "1,2";
				TEST_TARGET_NAME = "Test Modal";
			};
			name = Release;
		};
/* End XCBuildConfiguration section */

/* Begin XCConfigurationList section */
		D9A7C0E728DB2E2000A321F1 /* Build configuration list for PBXProject "Test Modal" */ = {
			isa = XCConfigurationList;
			buildConfigurations = (
				D9A7C10E28DB2E2100A321F1 /* Debug */,
				D9A7C10F28DB2E2100A321F1 /* Release */,
			);
			defaultConfigurationIsVisible = 0;
			defaultConfigurationName = Release;
		};
		D9A7C11028DB2E2100A321F1 /* Build configuration list for PBXNativeTarget "Test Modal" */ = {
			isa = XCConfigurationList;
			buildConfigurations = (
				D9A7C11128DB2E2100A321F1 /* Debug */,
				D9A7C11228DB2E2100A321F1 /* Release */,
			);
			defaultConfigurationIsVisible = 0;
			defaultConfigurationName = Release;
		};
		D9A7C11328DB2E2100A321F1 /* Build configuration list for PBXNativeTarget "Test ModalTests" */ = {
			isa = XCConfigurationList;
			buildConfigurations = (
				D9A7C11428DB2E2100A321F1 /* Debug */,
				D9A7C11528DB2E2100A321F1 /* Release */,
			);
			defaultConfigurationIsVisible = 0;
			defaultConfigurationName = Release;
		};
		D9A7C11628DB2E2100A321F1 /* Build configuration list for PBXNativeTarget "Test ModalUITests" */ = {
			isa = XCConfigurationList;
			buildConfigurations = (
				D9A7C11728DB2E2100A321F1 /* Debug */,
				D9A7C11828DB2E2100A321F1 /* Release */,
			);
			defaultConfigurationIsVisible = 0;
			defaultConfigurationName = Release;
		};
/* End XCConfigurationList section */
	};
	rootObject = D9A7C0E428DB2E2000A321F1 /* Project object */;
}
